dependencies:
- name: postgresql
  repository: https://charts.bitnami.com/bitnami
  version: 8.10.8
- name: redis
  repository: https://charts.bitnami.com/bitnami
  version: 10.7.5
digest: sha256:ed70c68628730bbc71e2f25afb15a71e2c4d619d85c61bc9d8a296e6613b2c75
generated: "2020-06-24T15:05:09.63902+02:00"
